
Microsoft Visual Studio Solution File, Format Version 11.00
# Visual Studio 2010
Project("{FAE04EC0-301F-11D3-BF4B-00C04F79EFBC}") = "Assembly-CSharp", "Assembly-CSharp.csproj", "{719A7F29-CE14-6D9F-524C-B5B426A5148C}"
EndProject
Project("{FAE04EC0-301F-11D3-BF4B-00C04F79EFBC}") = "Oculus.VR", "Oculus.VR.csproj", "{849DF16A-48FD-F76B-EBD4-7BC309CEA887}"
EndProject
Project("{FAE04EC0-301F-11D3-BF4B-00C04F79EFBC}") = "Assembly-CSharp-Editor", "Assembly-CSharp-Editor.csproj", "{2CCB3574-525A-F393-F16C-2D272480C9A3}"
EndProject
Project("{FAE04EC0-301F-11D3-BF4B-00C04F79EFBC}") = "Oculus.VR.Scripts.Editor", "Oculus.VR.Scripts.Editor.csproj", "{176607C7-8CF0-206A-3600-CDFE230AF135}"
EndProject
Project("{FAE04EC0-301F-11D3-BF4B-00C04F79EFBC}") = "Oculus.VR.Editor", "Oculus.VR.Editor.csproj", "{52219BA9-CAB1-D659-F1DC-D44B342F86E2}"
EndProject
Global
	GlobalSection(SolutionConfigurationPlatforms) = preSolution
		Debug|Any CPU = Debug|Any CPU
		Release|Any CPU = Release|Any CPU
	EndGlobalSection
	GlobalSection(ProjectConfigurationPlatforms) = postSolution
		{719A7F29-CE14-6D9F-524C-B5B426A5148C}.Debug|Any CPU.ActiveCfg = Debug|Any CPU
		{719A7F29-CE14-6D9F-524C-B5B426A5148C}.Debug|Any CPU.Build.0 = Debug|Any CPU
		{719A7F29-CE14-6D9F-524C-B5B426A5148C}.Release|Any CPU.ActiveCfg = Release|Any CPU
		{719A7F29-CE14-6D9F-524C-B5B426A5148C}.Release|Any CPU.Build.0 = Release|Any CPU
		{849DF16A-48FD-F76B-EBD4-7BC309CEA887}.Debug|Any CPU.ActiveCfg = Debug|Any CPU
		{849DF16A-48FD-F76B-EBD4-7BC309CEA887}.Debug|Any CPU.Build.0 = Debug|Any CPU
		{849DF16A-48FD-F76B-EBD4-7BC309CEA887}.Release|Any CPU.ActiveCfg = Release|Any CPU
		{849DF16A-48FD-F76B-EBD4-7BC309CEA887}.Release|Any CPU.Build.0 = Release|Any CPU
		{2CCB3574-525A-F393-F16C-2D272480C9A3}.Debug|Any CPU.ActiveCfg = Debug|Any CPU
		{2CCB3574-525A-F393-F16C-2D272480C9A3}.Debug|Any CPU.Build.0 = Debug|Any CPU
		{2CCB3574-525A-F393-F16C-2D272480C9A3}.Release|Any CPU.ActiveCfg = Release|Any CPU
		{2CCB3574-525A-F393-F16C-2D272480C9A3}.Release|Any CPU.Build.0 = Release|Any CPU
		{176607C7-8CF0-206A-3600-CDFE230AF135}.Debug|Any CPU.ActiveCfg = Debug|Any CPU
		{176607C7-8CF0-206A-3600-CDFE230AF135}.Debug|Any CPU.Build.0 = Debug|Any CPU
		{176607C7-8CF0-206A-3600-CDFE230AF135}.Release|Any CPU.ActiveCfg = Release|Any CPU
		{176607C7-8CF0-206A-3600-CDFE230AF135}.Release|Any CPU.Build.0 = Release|Any CPU
		{52219BA9-CAB1-D659-F1DC-D44B342F86E2}.Debug|Any CPU.ActiveCfg = Debug|Any CPU
		{52219BA9-CAB1-D659-F1DC-D44B342F86E2}.Debug|Any CPU.Build.0 = Debug|Any CPU
		{52219BA9-CAB1-D659-F1DC-D44B342F86E2}.Release|Any CPU.ActiveCfg = Release|Any CPU
		{52219BA9-CAB1-D659-F1DC-D44B342F86E2}.Release|Any CPU.Build.0 = Release|Any CPU
	EndGlobalSection
	GlobalSection(SolutionProperties) = preSolution
		HideSolutionNode = FALSE
	EndGlobalSection
	GlobalSection(MonoDevelopProperties) = preSolution
		StartupItem = Assembly-CSharp.csproj
	EndGlobalSection
EndGlobal
