
Microsoft Visual Studio Solution File, Format Version 11.00
# Visual Studio 2010
Project("{FAE04EC0-301F-11D3-BF4B-00C04F79EFBC}") = "Assembly-CSharp", "Assembly-CSharp.csproj", "{B2D0E592-A81F-BDDF-C6DB-E7E5D25E6B0E}"
EndProject
Project("{FAE04EC0-301F-11D3-BF4B-00C04F79EFBC}") = "Oculus.VR", "Oculus.VR.csproj", "{4C5D3727-97A4-72C4-0528-9009AEA7CBDF}"
EndProject
Project("{FAE04EC0-301F-11D3-BF4B-00C04F79EFBC}") = "Assembly-CSharp-Editor", "Assembly-CSharp-Editor.csproj", "{8FE98D30-6686-C5CE-7393-A62F443E1D85}"
EndProject
Project("{FAE04EC0-301F-11D3-BF4B-00C04F79EFBC}") = "Oculus.VR.Scripts.Editor", "Oculus.VR.Scripts.Editor.csproj", "{4D303CBF-8A68-7129-DC08-3BBAF33D2DD4}"
EndProject
Project("{FAE04EC0-301F-11D3-BF4B-00C04F79EFBC}") = "Oculus.VR.Editor", "Oculus.VR.Editor.csproj", "{876EDF7E-3C7A-9DB9-848A-D8E74A9258C7}"
EndProject
Global
	GlobalSection(SolutionConfigurationPlatforms) = preSolution
		Debug|Any CPU = Debug|Any CPU
		Release|Any CPU = Release|Any CPU
	EndGlobalSection
	GlobalSection(ProjectConfigurationPlatforms) = postSolution
		{B2D0E592-A81F-BDDF-C6DB-E7E5D25E6B0E}.Debug|Any CPU.ActiveCfg = Debug|Any CPU
		{B2D0E592-A81F-BDDF-C6DB-E7E5D25E6B0E}.Debug|Any CPU.Build.0 = Debug|Any CPU
		{B2D0E592-A81F-BDDF-C6DB-E7E5D25E6B0E}.Release|Any CPU.ActiveCfg = Release|Any CPU
		{B2D0E592-A81F-BDDF-C6DB-E7E5D25E6B0E}.Release|Any CPU.Build.0 = Release|Any CPU
		{4C5D3727-97A4-72C4-0528-9009AEA7CBDF}.Debug|Any CPU.ActiveCfg = Debug|Any CPU
		{4C5D3727-97A4-72C4-0528-9009AEA7CBDF}.Debug|Any CPU.Build.0 = Debug|Any CPU
		{4C5D3727-97A4-72C4-0528-9009AEA7CBDF}.Release|Any CPU.ActiveCfg = Release|Any CPU
		{4C5D3727-97A4-72C4-0528-9009AEA7CBDF}.Release|Any CPU.Build.0 = Release|Any CPU
		{8FE98D30-6686-C5CE-7393-A62F443E1D85}.Debug|Any CPU.ActiveCfg = Debug|Any CPU
		{8FE98D30-6686-C5CE-7393-A62F443E1D85}.Debug|Any CPU.Build.0 = Debug|Any CPU
		{8FE98D30-6686-C5CE-7393-A62F443E1D85}.Release|Any CPU.ActiveCfg = Release|Any CPU
		{8FE98D30-6686-C5CE-7393-A62F443E1D85}.Release|Any CPU.Build.0 = Release|Any CPU
		{4D303CBF-8A68-7129-DC08-3BBAF33D2DD4}.Debug|Any CPU.ActiveCfg = Debug|Any CPU
		{4D303CBF-8A68-7129-DC08-3BBAF33D2DD4}.Debug|Any CPU.Build.0 = Debug|Any CPU
		{4D303CBF-8A68-7129-DC08-3BBAF33D2DD4}.Release|Any CPU.ActiveCfg = Release|Any CPU
		{4D303CBF-8A68-7129-DC08-3BBAF33D2DD4}.Release|Any CPU.Build.0 = Release|Any CPU
		{876EDF7E-3C7A-9DB9-848A-D8E74A9258C7}.Debug|Any CPU.ActiveCfg = Debug|Any CPU
		{876EDF7E-3C7A-9DB9-848A-D8E74A9258C7}.Debug|Any CPU.Build.0 = Debug|Any CPU
		{876EDF7E-3C7A-9DB9-848A-D8E74A9258C7}.Release|Any CPU.ActiveCfg = Release|Any CPU
		{876EDF7E-3C7A-9DB9-848A-D8E74A9258C7}.Release|Any CPU.Build.0 = Release|Any CPU
	EndGlobalSection
	GlobalSection(SolutionProperties) = preSolution
		HideSolutionNode = FALSE
	EndGlobalSection
	GlobalSection(MonoDevelopProperties) = preSolution
		StartupItem = Assembly-CSharp.csproj
	EndGlobalSection
EndGlobal
